
Microsoft Visual Studio Solution File, Format Version 12.00
# Visual Studio 15
VisualStudioVersion = 15.0.28307.757
MinimumVisualStudioVersion = 10.0.40219.1
Project("{9A19103F-16F7-4668-BE54-9A1E7A4F7556}") = "ReportingAspNetCorePrintWithoutPreview", "ReportingAspNetCorePrintWithoutPreview.csproj", "{7C35C454-0394-46B1-83E0-952CDF9026A2}"
EndProject
Global
	GlobalSection(SolutionConfigurationPlatforms) = preSolution
		Debug|Any CPU = Debug|Any CPU
		Release|Any CPU = Release|Any CPU
	EndGlobalSection
	GlobalSection(ProjectConfigurationPlatforms) = postSolution
		{7C35C454-0394-46B1-83E0-952CDF9026A2}.Debug|Any CPU.ActiveCfg = Debug|Any CPU
		{7C35C454-0394-46B1-83E0-952CDF9026A2}.Debug|Any CPU.Build.0 = Debug|Any CPU
		{7C35C454-0394-46B1-83E0-952CDF9026A2}.Release|Any CPU.ActiveCfg = Release|Any CPU
		{7C35C454-0394-46B1-83E0-952CDF9026A2}.Release|Any CPU.Build.0 = Release|Any CPU
		EndGlobalSection
	GlobalSection(SolutionProperties) = preSolution
		HideSolutionNode = FALSE
	EndGlobalSection
	GlobalSection(ExtensibilityGlobals) = postSolution
		SolutionGuid = {576F7337-0C5A-4200-9ECA-01E47B80100F}
	EndGlobalSection
EndGlobal
