
Microsoft Visual Studio Solution File, Format Version 12.00
# Visual Studio Version 17
VisualStudioVersion = 17.4.33213.308
MinimumVisualStudioVersion = 10.0.40219.1
Project("{9A19103F-16F7-4668-BE54-9A1E7A4F7556}") = "ReportingAspNetCorePrintWithoutPreview", "ReportingAspNetCorePrintWithoutPreview.csproj", "{08EBDAFE-5262-44BA-87D4-328983E56C4D}"
EndProject
Global
	GlobalSection(SolutionConfigurationPlatforms) = preSolution
		Debug|Any CPU = Debug|Any CPU
		Release|Any CPU = Release|Any CPU
	EndGlobalSection
	GlobalSection(ProjectConfigurationPlatforms) = postSolution
		{08EBDAFE-5262-44BA-87D4-328983E56C4D}.Debug|Any CPU.ActiveCfg = Debug|Any CPU
		{08EBDAFE-5262-44BA-87D4-328983E56C4D}.Debug|Any CPU.Build.0 = Debug|Any CPU
		{08EBDAFE-5262-44BA-87D4-328983E56C4D}.Release|Any CPU.ActiveCfg = Release|Any CPU
		{08EBDAFE-5262-44BA-87D4-328983E56C4D}.Release|Any CPU.Build.0 = Release|Any CPU
	EndGlobalSection
	GlobalSection(SolutionProperties) = preSolution
		HideSolutionNode = FALSE
	EndGlobalSection
	GlobalSection(ExtensibilityGlobals) = postSolution
		SolutionGuid = {82D6DD84-E1B2-407F-AB25-BBF305BFA43D}
	EndGlobalSection
EndGlobal
