
Microsoft Visual Studio Solution File, Format Version 12.00
# Visual Studio Version 16
VisualStudioVersion = 16.0.30804.86
MinimumVisualStudioVersion = 10.0.40219.1
Project("{FAE04EC0-301F-11D3-BF4B-00C04F79EFBC}") = "ReportingAspNetCorePrintWithoutPreview", "ReportingAspNetCorePrintWithoutPreview\ReportingAspNetCorePrintWithoutPreview.csproj", "{43322FAE-050B-406D-9241-C97E7D4E16E0}"
EndProject
Global
	GlobalSection(SolutionConfigurationPlatforms) = preSolution
		Debug|Any CPU = Debug|Any CPU
		Release|Any CPU = Release|Any CPU
	EndGlobalSection
	GlobalSection(ProjectConfigurationPlatforms) = postSolution
		{43322FAE-050B-406D-9241-C97E7D4E16E0}.Debug|Any CPU.ActiveCfg = Debug|Any CPU
		{43322FAE-050B-406D-9241-C97E7D4E16E0}.Debug|Any CPU.Build.0 = Debug|Any CPU
		{43322FAE-050B-406D-9241-C97E7D4E16E0}.Release|Any CPU.ActiveCfg = Release|Any CPU
		{43322FAE-050B-406D-9241-C97E7D4E16E0}.Release|Any CPU.Build.0 = Release|Any CPU
	EndGlobalSection
	GlobalSection(SolutionProperties) = preSolution
		HideSolutionNode = FALSE
	EndGlobalSection
	GlobalSection(ExtensibilityGlobals) = postSolution
		SolutionGuid = {112A678C-87F6-46D6-8928-09E4EF4FAFD0}
	EndGlobalSection
EndGlobal
